
Microsoft Visual Studio Solution File, Format Version 12.00
Project("{2150E333-8FDC-42A3-9474-1A3956D46DE8}") = "src", "src", "{E0BC1B3D-FC73-450B-B898-7E24B24B21E6}"
EndProject
Project("{2150E333-8FDC-42A3-9474-1A3956D46DE8}") = "tests", "tests", "{63243D08-0E4C-4178-A1C3-5CFB405278D0}"
EndProject
Project("{2150E333-8FDC-42A3-9474-1A3956D46DE8}") = "docs", "docs", "{91174901-E0F5-4E28-A420-D45C446A0E5E}"
EndProject
Project("{2150E333-8FDC-42A3-9474-1A3956D46DE8}") = "Application", "Application", "{7DD686AA-C914-46B8-B851-BCAD5DB65D2C}"
EndProject
Project("{2150E333-8FDC-42A3-9474-1A3956D46DE8}") = "Domain", "Domain", "{A0CECF1F-455A-4E84-8E8D-32DE28760BC3}"
EndProject
Project("{2150E333-8FDC-42A3-9474-1A3956D46DE8}") = "Infrastructure", "Infrastructure", "{891A210A-797E-4774-A294-53BDC798CF37}"
EndProject
Project("{FAE04EC0-301F-11D3-BF4B-00C04F79EFBC}") = "Domain.UseCases", "src\Domain\Domain.UseCases\Domain.UseCases.csproj", "{2DE26D39-5373-4178-BAC9-06756BFF3F87}"
EndProject
Project("{FAE04EC0-301F-11D3-BF4B-00C04F79EFBC}") = "Domain.Entities", "src\Domain\Domain.Entities\Domain.Entities.csproj", "{45F4E7F5-80E8-4F1F-93CF-52D82885C0C0}"
EndProject
Project("{FAE04EC0-301F-11D3-BF4B-00C04F79EFBC}") = "UnitTests", "tests\UnitTests\UnitTests.csproj", "{26707413-29C5-4948-9342-FC7F20B7A794}"
EndProject
Project("{FAE04EC0-301F-11D3-BF4B-00C04F79EFBC}") = "Infrastructure.Data", "src\Infrastructure\Infrastructure.Data\Infrastructure.Data.csproj", "{4096BD27-2D54-4F36-9ED6-4A41D1B2BB63}"
EndProject
Project("{FAE04EC0-301F-11D3-BF4B-00C04F79EFBC}") = "Infrastructure.MessageBroker", "src\Infrastructure\Infrastructure.MessageBroker\Infrastructure.MessageBroker.csproj", "{B2156010-A4D7-4286-ACCD-C04FB9F0A175}"
EndProject
Project("{FAE04EC0-301F-11D3-BF4B-00C04F79EFBC}") = "Api", "src\Application\Api\Api.csproj", "{3A830551-9C25-4411-AE4F-415F41698BC8}"
EndProject
Project("{FAE04EC0-301F-11D3-BF4B-00C04F79EFBC}") = "IntegratedTests", "tests\IntegratedTests\IntegratedTests.csproj", "{E7B8B46B-ACA2-4E94-944D-69181C1BC33B}"
EndProject
Project("{FAE04EC0-301F-11D3-BF4B-00C04F79EFBC}") = "FitnessFunction", "tests\FitnessFunction\FitnessFunction.csproj", "{B88922C4-454F-4186-969E-98875D46EA5D}"
EndProject
Project("{2150E333-8FDC-42A3-9474-1A3956D46DE8}") = "decisions", "decisions", "{6767BE0B-92DB-4E8F-A8CD-3803FB95F340}"
	ProjectSection(SolutionItems) = preProject
		docs\decisions\0000-use-markdown-any-decision-records.md = docs\decisions\0000-use-markdown-any-decision-records.md
	EndProjectSection
EndProject
Project("{FAE04EC0-301F-11D3-BF4B-00C04F79EFBC}") = "Architecture", "docs\Architecture\Architecture.csproj", "{CE71D822-BCBC-4AEB-A722-C718EAA227D0}"
EndProject
Global
	GlobalSection(SolutionConfigurationPlatforms) = preSolution
		Debug|Any CPU = Debug|Any CPU
		Release|Any CPU = Release|Any CPU
	EndGlobalSection
	GlobalSection(NestedProjects) = preSolution
		{7DD686AA-C914-46B8-B851-BCAD5DB65D2C} = {E0BC1B3D-FC73-450B-B898-7E24B24B21E6}
		{A0CECF1F-455A-4E84-8E8D-32DE28760BC3} = {E0BC1B3D-FC73-450B-B898-7E24B24B21E6}
		{891A210A-797E-4774-A294-53BDC798CF37} = {E0BC1B3D-FC73-450B-B898-7E24B24B21E6}
		{2DE26D39-5373-4178-BAC9-06756BFF3F87} = {A0CECF1F-455A-4E84-8E8D-32DE28760BC3}
		{45F4E7F5-80E8-4F1F-93CF-52D82885C0C0} = {A0CECF1F-455A-4E84-8E8D-32DE28760BC3}
		{26707413-29C5-4948-9342-FC7F20B7A794} = {63243D08-0E4C-4178-A1C3-5CFB405278D0}
		{4096BD27-2D54-4F36-9ED6-4A41D1B2BB63} = {891A210A-797E-4774-A294-53BDC798CF37}
		{B2156010-A4D7-4286-ACCD-C04FB9F0A175} = {891A210A-797E-4774-A294-53BDC798CF37}
		{3A830551-9C25-4411-AE4F-415F41698BC8} = {7DD686AA-C914-46B8-B851-BCAD5DB65D2C}
		{E7B8B46B-ACA2-4E94-944D-69181C1BC33B} = {63243D08-0E4C-4178-A1C3-5CFB405278D0}
		{B88922C4-454F-4186-969E-98875D46EA5D} = {63243D08-0E4C-4178-A1C3-5CFB405278D0}
		{6767BE0B-92DB-4E8F-A8CD-3803FB95F340} = {91174901-E0F5-4E28-A420-D45C446A0E5E}
		{CE71D822-BCBC-4AEB-A722-C718EAA227D0} = {91174901-E0F5-4E28-A420-D45C446A0E5E}
	EndGlobalSection
	GlobalSection(ProjectConfigurationPlatforms) = postSolution
		{2DE26D39-5373-4178-BAC9-06756BFF3F87}.Debug|Any CPU.ActiveCfg = Debug|Any CPU
		{2DE26D39-5373-4178-BAC9-06756BFF3F87}.Debug|Any CPU.Build.0 = Debug|Any CPU
		{2DE26D39-5373-4178-BAC9-06756BFF3F87}.Release|Any CPU.ActiveCfg = Release|Any CPU
		{2DE26D39-5373-4178-BAC9-06756BFF3F87}.Release|Any CPU.Build.0 = Release|Any CPU
		{45F4E7F5-80E8-4F1F-93CF-52D82885C0C0}.Debug|Any CPU.ActiveCfg = Debug|Any CPU
		{45F4E7F5-80E8-4F1F-93CF-52D82885C0C0}.Debug|Any CPU.Build.0 = Debug|Any CPU
		{45F4E7F5-80E8-4F1F-93CF-52D82885C0C0}.Release|Any CPU.ActiveCfg = Release|Any CPU
		{45F4E7F5-80E8-4F1F-93CF-52D82885C0C0}.Release|Any CPU.Build.0 = Release|Any CPU
		{26707413-29C5-4948-9342-FC7F20B7A794}.Debug|Any CPU.ActiveCfg = Debug|Any CPU
		{26707413-29C5-4948-9342-FC7F20B7A794}.Debug|Any CPU.Build.0 = Debug|Any CPU
		{26707413-29C5-4948-9342-FC7F20B7A794}.Release|Any CPU.ActiveCfg = Release|Any CPU
		{26707413-29C5-4948-9342-FC7F20B7A794}.Release|Any CPU.Build.0 = Release|Any CPU
		{4096BD27-2D54-4F36-9ED6-4A41D1B2BB63}.Debug|Any CPU.ActiveCfg = Debug|Any CPU
		{4096BD27-2D54-4F36-9ED6-4A41D1B2BB63}.Debug|Any CPU.Build.0 = Debug|Any CPU
		{4096BD27-2D54-4F36-9ED6-4A41D1B2BB63}.Release|Any CPU.ActiveCfg = Release|Any CPU
		{4096BD27-2D54-4F36-9ED6-4A41D1B2BB63}.Release|Any CPU.Build.0 = Release|Any CPU
		{B2156010-A4D7-4286-ACCD-C04FB9F0A175}.Debug|Any CPU.ActiveCfg = Debug|Any CPU
		{B2156010-A4D7-4286-ACCD-C04FB9F0A175}.Debug|Any CPU.Build.0 = Debug|Any CPU
		{B2156010-A4D7-4286-ACCD-C04FB9F0A175}.Release|Any CPU.ActiveCfg = Release|Any CPU
		{B2156010-A4D7-4286-ACCD-C04FB9F0A175}.Release|Any CPU.Build.0 = Release|Any CPU
		{3A830551-9C25-4411-AE4F-415F41698BC8}.Debug|Any CPU.ActiveCfg = Debug|Any CPU
		{3A830551-9C25-4411-AE4F-415F41698BC8}.Debug|Any CPU.Build.0 = Debug|Any CPU
		{3A830551-9C25-4411-AE4F-415F41698BC8}.Release|Any CPU.ActiveCfg = Release|Any CPU
		{3A830551-9C25-4411-AE4F-415F41698BC8}.Release|Any CPU.Build.0 = Release|Any CPU
		{E7B8B46B-ACA2-4E94-944D-69181C1BC33B}.Debug|Any CPU.ActiveCfg = Debug|Any CPU
		{E7B8B46B-ACA2-4E94-944D-69181C1BC33B}.Debug|Any CPU.Build.0 = Debug|Any CPU
		{E7B8B46B-ACA2-4E94-944D-69181C1BC33B}.Release|Any CPU.ActiveCfg = Release|Any CPU
		{E7B8B46B-ACA2-4E94-944D-69181C1BC33B}.Release|Any CPU.Build.0 = Release|Any CPU
		{B88922C4-454F-4186-969E-98875D46EA5D}.Debug|Any CPU.ActiveCfg = Debug|Any CPU
		{B88922C4-454F-4186-969E-98875D46EA5D}.Debug|Any CPU.Build.0 = Debug|Any CPU
		{B88922C4-454F-4186-969E-98875D46EA5D}.Release|Any CPU.ActiveCfg = Release|Any CPU
		{B88922C4-454F-4186-969E-98875D46EA5D}.Release|Any CPU.Build.0 = Release|Any CPU
		{CE71D822-BCBC-4AEB-A722-C718EAA227D0}.Debug|Any CPU.ActiveCfg = Debug|Any CPU
		{CE71D822-BCBC-4AEB-A722-C718EAA227D0}.Debug|Any CPU.Build.0 = Debug|Any CPU
		{CE71D822-BCBC-4AEB-A722-C718EAA227D0}.Release|Any CPU.ActiveCfg = Release|Any CPU
		{CE71D822-BCBC-4AEB-A722-C718EAA227D0}.Release|Any CPU.Build.0 = Release|Any CPU
	EndGlobalSection
EndGlobal
